// !$*UTF8*$!
{
	archiveVersion = 1;
	classes = {
	};
	objectVersion = 56;
	objects = {

/* Begin PBXBuildFile section */
		3C77BE2F2D2E501700E3F87A /* AppDelegate.swift in Sources */ = {isa = PBXBuildFile; fileRef = 3C77BE2E2D2E501700E3F87A /* AppDelegate.swift */; };
		3C77BE312D2E501700E3F87A /* SceneDelegate.swift in Sources */ = {isa = PBXBuildFile; fileRef = 3C77BE302D2E501700E3F87A /* SceneDelegate.swift */; };
		3C77BE332D2E501700E3F87A /* ViewController.swift in Sources */ = {isa = PBXBuildFile; fileRef = 3C77BE322D2E501700E3F87A /* ViewController.swift */; };
		3C77BE362D2E501700E3F87A /* Base in Resources */ = {isa = PBXBuildFile; fileRef = 3C77BE352D2E501700E3F87A /* Base */; };
		3C77BE382D2E501900E3F87A /* Assets.xcassets in Resources */ = {isa = PBXBuildFile; fileRef = 3C77BE372D2E501900E3F87A /* Assets.xcassets */; };
		3C77BE3B2D2E501900E3F87A /* Base in Resources */ = {isa = PBXBuildFile; fileRef = 3C77BE3A2D2E501900E3F87A /* Base */; };
		3C77BE462D2E501900E3F87A /* LibraryManagementTests.swift in Sources */ = {isa = PBXBuildFile; fileRef = 3C77BE452D2E501900E3F87A /* LibraryManagementTests.swift */; };
		3C77BE502D2E501900E3F87A /* LibraryManagementUITests.swift in Sources */ = {isa = PBXBuildFile; fileRef = 3C77BE4F2D2E501900E3F87A /* LibraryManagementUITests.swift */; };
		3C77BE522D2E501900E3F87A /* LibraryManagementUITestsLaunchTests.swift in Sources */ = {isa = PBXBuildFile; fileRef = 3C77BE512D2E501900E3F87A /* LibraryManagementUITestsLaunchTests.swift */; };
/* End PBXBuildFile section */

/* Begin PBXContainerItemProxy section */
		3C77BE422D2E501900E3F87A /* PBXContainerItemProxy */ = {
			isa = PBXContainerItemProxy;
			containerPortal = 3C77BE232D2E501700E3F87A /* Project object */;
			proxyType = 1;
			remoteGlobalIDString = 3C77BE2A2D2E501700E3F87A;
			remoteInfo = LibraryManagement;
		};
		3C77BE4C2D2E501900E3F87A /* PBXContainerItemProxy */ = {
			isa = PBXContainerItemProxy;
			containerPortal = 3C77BE232D2E501700E3F87A /* Project object */;
			proxyType = 1;
			remoteGlobalIDString = 3C77BE2A2D2E501700E3F87A;
			remoteInfo = LibraryManagement;
		};
/* End PBXContainerItemProxy section */

/* Begin PBXFileReference section */
		3C77BE2B2D2E501700E3F87A /* LibraryManagement.app */ = {isa = PBXFileReference; explicitFileType = wrapper.application; includeInIndex = 0; path = LibraryManagement.app; sourceTree = BUILT_PRODUCTS_DIR; };
		3C77BE2E2D2E501700E3F87A /* AppDelegate.swift */ = {isa = PBXFileReference; lastKnownFileType = sourcecode.swift; path = AppDelegate.swift; sourceTree = "<group>"; };
		3C77BE302D2E501700E3F87A /* SceneDelegate.swift */ = {isa = PBXFileReference; lastKnownFileType = sourcecode.swift; path = SceneDelegate.swift; sourceTree = "<group>"; };
		3C77BE322D2E501700E3F87A /* ViewController.swift */ = {isa = PBXFileReference; lastKnownFileType = sourcecode.swift; path = ViewController.swift; sourceTree = "<group>"; };
		3C77BE352D2E501700E3F87A /* Base */ = {isa = PBXFileReference; lastKnownFileType = file.storyboard; name = Base; path = Base.lproj/Main.storyboard; sourceTree = "<group>"; };
		3C77BE372D2E501900E3F87A /* Assets.xcassets */ = {isa = PBXFileReference; lastKnownFileType = folder.assetcatalog; path = Assets.xcassets; sourceTree = "<group>"; };
		3C77BE3A2D2E501900E3F87A /* Base */ = {isa = PBXFileReference; lastKnownFileType = file.storyboard; name = Base; path = Base.lproj/LaunchScreen.storyboard; sourceTree = "<group>"; };
		3C77BE3C2D2E501900E3F87A /* Info.plist */ = {isa = PBXFileReference; lastKnownFileType = text.plist.xml; path = Info.plist; sourceTree = "<group>"; };
		3C77BE412D2E501900E3F87A /* LibraryManagementTests.xctest */ = {isa = PBXFileReference; explicitFileType = wrapper.cfbundle; includeInIndex = 0; path = LibraryManagementTests.xctest; sourceTree = BUILT_PRODUCTS_DIR; };
		3C77BE452D2E501900E3F87A /* LibraryManagementTests.swift */ = {isa = PBXFileReference; lastKnownFileType = sourcecode.swift; path = LibraryManagementTests.swift; sourceTree = "<group>"; };
		3C77BE4B2D2E501900E3F87A /* LibraryManagementUITests.xctest */ = {isa = PBXFileReference; explicitFileType = wrapper.cfbundle; includeInIndex = 0; path = LibraryManagementUITests.xctest; sourceTree = BUILT_PRODUCTS_DIR; };
		3C77BE4F2D2E501900E3F87A /* LibraryManagementUITests.swift */ = {isa = PBXFileReference; lastKnownFileType = sourcecode.swift; path = LibraryManagementUITests.swift; sourceTree = "<group>"; };
		3C77BE512D2E501900E3F87A /* LibraryManagementUITestsLaunchTests.swift */ = {isa = PBXFileReference; lastKnownFileType = sourcecode.swift; path = LibraryManagementUITestsLaunchTests.swift; sourceTree = "<group>"; };
/* End PBXFileReference section */

/* Begin PBXFrameworksBuildPhase section */
		3C77BE282D2E501700E3F87A /* Frameworks */ = {
			isa = PBXFrameworksBuildPhase;
			buildActionMask = 2147483647;
			files = (
			);
			runOnlyForDeploymentPostprocessing = 0;
		};
		3C77BE3E2D2E501900E3F87A /* Frameworks */ = {
			isa = PBXFrameworksBuildPhase;
			buildActionMask = 2147483647;
			files = (
			);
			runOnlyForDeploymentPostprocessing = 0;
		};
		3C77BE482D2E501900E3F87A /* Frameworks */ = {
			isa = PBXFrameworksBuildPhase;
			buildActionMask = 2147483647;
			files = (
			);
			runOnlyForDeploymentPostprocessing = 0;
		};
/* End PBXFrameworksBuildPhase section */

/* Begin PBXGroup section */
		3C77BE222D2E501700E3F87A = {
			isa = PBXGroup;
			children = (
				3C77BE2D2D2E501700E3F87A /* LibraryManagement */,
				3C77BE442D2E501900E3F87A /* LibraryManagementTests */,
				3C77BE4E2D2E501900E3F87A /* LibraryManagementUITests */,
				3C77BE2C2D2E501700E3F87A /* Products */,
			);
			sourceTree = "<group>";
		};
		3C77BE2C2D2E501700E3F87A /* Products */ = {
			isa = PBXGroup;
			children = (
				3C77BE2B2D2E501700E3F87A /* LibraryManagement.app */,
				3C77BE412D2E501900E3F87A /* LibraryManagementTests.xctest */,
				3C77BE4B2D2E501900E3F87A /* LibraryManagementUITests.xctest */,
			);
			name = Products;
			sourceTree = "<group>";
		};
		3C77BE2D2D2E501700E3F87A /* LibraryManagement */ = {
			isa = PBXGroup;
			children = (
				3C77BE2E2D2E501700E3F87A /* AppDelegate.swift */,
				3C77BE302D2E501700E3F87A /* SceneDelegate.swift */,
				3C77BE322D2E501700E3F87A /* ViewController.swift */,
				3C77BE342D2E501700E3F87A /* Main.storyboard */,
				3C77BE372D2E501900E3F87A /* Assets.xcassets */,
				3C77BE392D2E501900E3F87A /* LaunchScreen.storyboard */,
				3C77BE3C2D2E501900E3F87A /* Info.plist */,
			);
			path = LibraryManagement;
			sourceTree = "<group>";
		};
		3C77BE442D2E501900E3F87A /* LibraryManagementTests */ = {
			isa = PBXGroup;
			children = (
				3C77BE452D2E501900E3F87A /* LibraryManagementTests.swift */,
			);
			path = LibraryManagementTests;
			sourceTree = "<group>";
		};
		3C77BE4E2D2E501900E3F87A /* LibraryManagementUITests */ = {
			isa = PBXGroup;
			children = (
				3C77BE4F2D2E501900E3F87A /* LibraryManagementUITests.swift */,
				3C77BE512D2E501900E3F87A /* LibraryManagementUITestsLaunchTests.swift */,
			);
			path = LibraryManagementUITests;
			sourceTree = "<group>";
		};
/* End PBXGroup section */

/* Begin PBXNativeTarget section */
		3C77BE2A2D2E501700E3F87A /* LibraryManagement */ = {
			isa = PBXNativeTarget;
			buildConfigurationList = 3C77BE552D2E501900E3F87A /* Build configuration list for PBXNativeTarget "LibraryManagement" */;
			buildPhases = (
				3C77BE272D2E501700E3F87A /* Sources */,
				3C77BE282D2E501700E3F87A /* Frameworks */,
				3C77BE292D2E501700E3F87A /* Resources */,
			);
			buildRules = (
			);
			dependencies = (
			);
			name = LibraryManagement;
			productName = LibraryManagement;
			productReference = 3C77BE2B2D2E501700E3F87A /* LibraryManagement.app */;
			productType = "com.apple.product-type.application";
		};
		3C77BE402D2E501900E3F87A /* LibraryManagementTests */ = {
			isa = PBXNativeTarget;
			buildConfigurationList = 3C77BE582D2E501900E3F87A /* Build configuration list for PBXNativeTarget "LibraryManagementTests" */;
			buildPhases = (
				3C77BE3D2D2E501900E3F87A /* Sources */,
				3C77BE3E2D2E501900E3F87A /* Frameworks */,
				3C77BE3F2D2E501900E3F87A /* Resources */,
			);
			buildRules = (
			);
			dependencies = (
				3C77BE432D2E501900E3F87A /* PBXTargetDependency */,
			);
			name = LibraryManagementTests;
			productName = LibraryManagementTests;
			productReference = 3C77BE412D2E501900E3F87A /* LibraryManagementTests.xctest */;
			productType = "com.apple.product-type.bundle.unit-test";
		};
		3C77BE4A2D2E501900E3F87A /* LibraryManagementUITests */ = {
			isa = PBXNativeTarget;
			buildConfigurationList = 3C77BE5B2D2E501900E3F87A /* Build configuration list for PBXNativeTarget "LibraryManagementUITests" */;
			buildPhases = (
				3C77BE472D2E501900E3F87A /* Sources */,
				3C77BE482D2E501900E3F87A /* Frameworks */,
				3C77BE492D2E501900E3F87A /* Resources */,
			);
			buildRules = (
			);
			dependencies = (
				3C77BE4D2D2E501900E3F87A /* PBXTargetDependency */,
			);
			name = LibraryManagementUITests;
			productName = LibraryManagementUITests;
			productReference = 3C77BE4B2D2E501900E3F87A /* LibraryManagementUITests.xctest */;
			productType = "com.apple.product-type.bundle.ui-testing";
		};
/* End PBXNativeTarget section */

/* Begin PBXProject section */
		3C77BE232D2E501700E3F87A /* Project object */ = {
			isa = PBXProject;
			attributes = {
				BuildIndependentTargetsInParallel = 1;
				LastSwiftUpdateCheck = 1540;
				LastUpgradeCheck = 1540;
				TargetAttributes = {
					3C77BE2A2D2E501700E3F87A = {
						CreatedOnToolsVersion = 15.4;
					};
					3C77BE402D2E501900E3F87A = {
						CreatedOnToolsVersion = 15.4;
						TestTargetID = 3C77BE2A2D2E501700E3F87A;
					};
					3C77BE4A2D2E501900E3F87A = {
						CreatedOnToolsVersion = 15.4;
						TestTargetID = 3C77BE2A2D2E501700E3F87A;
					};
				};
			};
			buildConfigurationList = 3C77BE262D2E501700E3F87A /* Build configuration list for PBXProject "LibraryManagement" */;
			compatibilityVersion = "Xcode 14.0";
			developmentRegion = en;
			hasScannedForEncodings = 0;
			knownRegions = (
				en,
				Base,
			);
			mainGroup = 3C77BE222D2E501700E3F87A;
			productRefGroup = 3C77BE2C2D2E501700E3F87A /* Products */;
			projectDirPath = "";
			projectRoot = "";
			targets = (
				3C77BE2A2D2E501700E3F87A /* LibraryManagement */,
				3C77BE402D2E501900E3F87A /* LibraryManagementTests */,
				3C77BE4A2D2E501900E3F87A /* LibraryManagementUITests */,
			);
		};
/* End PBXProject section */

/* Begin PBXResourcesBuildPhase section */
		3C77BE292D2E501700E3F87A /* Resources */ = {
			isa = PBXResourcesBuildPhase;
			buildActionMask = 2147483647;
			files = (
				3C77BE382D2E501900E3F87A /* Assets.xcassets in Resources */,
				3C77BE3B2D2E501900E3F87A /* Base in Resources */,
				3C77BE362D2E501700E3F87A /* Base in Resources */,
			);
			runOnlyForDeploymentPostprocessing = 0;
		};
		3C77BE3F2D2E501900E3F87A /* Resources */ = {
			isa = PBXResourcesBuildPhase;
			buildActionMask = 2147483647;
			files = (
			);
			runOnlyForDeploymentPostprocessing = 0;
		};
		3C77BE492D2E501900E3F87A /* Resources */ = {
			isa = PBXResourcesBuildPhase;
			buildActionMask = 2147483647;
			files = (
			);
			runOnlyForDeploymentPostprocessing = 0;
		};
/* End PBXResourcesBuildPhase section */

/* Begin PBXSourcesBuildPhase section */
		3C77BE272D2E501700E3F87A /* Sources */ = {
			isa = PBXSourcesBuildPhase;
			buildActionMask = 2147483647;
			files = (
				3C77BE332D2E501700E3F87A /* ViewController.swift in Sources */,
				3C77BE2F2D2E501700E3F87A /* AppDelegate.swift in Sources */,
				3C77BE312D2E501700E3F87A /* SceneDelegate.swift in Sources */,
			);
			runOnlyForDeploymentPostprocessing = 0;
		};
		3C77BE3D2D2E501900E3F87A /* Sources */ = {
			isa = PBXSourcesBuildPhase;
			buildActionMask = 2147483647;
			files = (
				3C77BE462D2E501900E3F87A /* LibraryManagementTests.swift in Sources */,
			);
			runOnlyForDeploymentPostprocessing = 0;
		};
		3C77BE472D2E501900E3F87A /* Sources */ = {
			isa = PBXSourcesBuildPhase;
			buildActionMask = 2147483647;
			files = (
				3C77BE502D2E501900E3F87A /* LibraryManagementUITests.swift in Sources */,
				3C77BE522D2E501900E3F87A /* LibraryManagementUITestsLaunchTests.swift in Sources */,
			);
			runOnlyForDeploymentPostprocessing = 0;
		};
/* End PBXSourcesBuildPhase section */

/* Begin PBXTargetDependency section */
		3C77BE432D2E501900E3F87A /* PBXTargetDependency */ = {
			isa = PBXTargetDependency;
			target = 3C77BE2A2D2E501700E3F87A /* LibraryManagement */;
			targetProxy = 3C77BE422D2E501900E3F87A /* PBXContainerItemProxy */;
		};
		3C77BE4D2D2E501900E3F87A /* PBXTargetDependency */ = {
			isa = PBXTargetDependency;
			target = 3C77BE2A2D2E501700E3F87A /* LibraryManagement */;
			targetProxy = 3C77BE4C2D2E501900E3F87A /* PBXContainerItemProxy */;
		};
/* End PBXTargetDependency section */

/* Begin PBXVariantGroup section */
		3C77BE342D2E501700E3F87A /* Main.storyboard */ = {
			isa = PBXVariantGroup;
			children = (
				3C77BE352D2E501700E3F87A /* Base */,
			);
			name = Main.storyboard;
			sourceTree = "<group>";
		};
		3C77BE392D2E501900E3F87A /* LaunchScreen.storyboard */ = {
			isa = PBXVariantGroup;
			children = (
				3C77BE3A2D2E501900E3F87A /* Base */,
			);
			name = LaunchScreen.storyboard;
			sourceTree = "<group>";
		};
/* End PBXVariantGroup section */

/* Begin XCBuildConfiguration section */
		3C77BE532D2E501900E3F87A /* Debug */ = {
			isa = XCBuildConfiguration;
			buildSettings = {
				ALWAYS_SEARCH_USER_PATHS = NO;
				ASSETCATALOG_COMPILER_GENERATE_SWIFT_ASSET_SYMBOL_EXTENSIONS = YES;
				CLANG_ANALYZER_NONNULL = YES;
				CLANG_ANALYZER_NUMBER_OBJECT_CONVERSION = YES_AGGRESSIVE;
				CLANG_CXX_LANGUAGE_STANDARD = "gnu++20";
				CLANG_ENABLE_MODULES = YES;
				CLANG_ENABLE_OBJC_ARC = YES;
				CLANG_ENABLE_OBJC_WEAK = YES;
				CLANG_WARN_BLOCK_CAPTURE_AUTORELEASING = YES;
				CLANG_WARN_BOOL_CONVERSION = YES;
				CLANG_WARN_COMMA = YES;
				CLANG_WARN_CONSTANT_CONVERSION = YES;
				CLANG_WARN_DEPRECATED_OBJC_IMPLEMENTATIONS = YES;
				CLANG_WARN_DIRECT_OBJC_ISA_USAGE = YES_ERROR;
				CLANG_WARN_DOCUMENTATION_COMMENTS = YES;
				CLANG_WARN_EMPTY_BODY = YES;
				CLANG_WARN_ENUM_CONVERSION = YES;
				CLANG_WARN_INFINITE_RECURSION = YES;
				CLANG_WARN_INT_CONVERSION = YES;
				CLANG_WARN_NON_LITERAL_NULL_CONVERSION = YES;
				CLANG_WARN_OBJC_IMPLICIT_RETAIN_SELF = YES;
				CLANG_WARN_OBJC_LITERAL_CONVERSION = YES;
				CLANG_WARN_OBJC_ROOT_CLASS = YES_ERROR;
				CLANG_WARN_QUOTED_INCLUDE_IN_FRAMEWORK_HEADER = YES;
				CLANG_WARN_RANGE_LOOP_ANALYSIS = YES;
				CLANG_WARN_STRICT_PROTOTYPES = YES;
				CLANG_WARN_SUSPICIOUS_MOVE = YES;
				CLANG_WARN_UNGUARDED_AVAILABILITY = YES_AGGRESSIVE;
				CLANG_WARN_UNREACHABLE_CODE = YES;
				CLANG_WARN__DUPLICATE_METHOD_MATCH = YES;
				COPY_PHASE_STRIP = NO;
				DEBUG_INFORMATION_FORMAT = dwarf;
				ENABLE_STRICT_OBJC_MSGSEND = YES;
				ENABLE_TESTABILITY = YES;
				ENABLE_USER_SCRIPT_SANDBOXING = YES;
				GCC_C_LANGUAGE_STANDARD = gnu17;
				GCC_DYNAMIC_NO_PIC = NO;
				GCC_NO_COMMON_BLOCKS = YES;
				GCC_OPTIMIZATION_LEVEL = 0;
				GCC_PREPROCESSOR_DEFINITIONS = (
					"DEBUG=1",
					"$(inherited)",
				);
				GCC_WARN_64_TO_32_BIT_CONVERSION = YES;
				GCC_WARN_ABOUT_RETURN_TYPE = YES_ERROR;
				GCC_WARN_UNDECLARED_SELECTOR = YES;
				GCC_WARN_UNINITIALIZED_AUTOS = YES_AGGRESSIVE;
				GCC_WARN_UNUSED_FUNCTION = YES;
				GCC_WARN_UNUSED_VARIABLE = YES;
				IPHONEOS_DEPLOYMENT_TARGET = 17.5;
				LOCALIZATION_PREFERS_STRING_CATALOGS = YES;
				MTL_ENABLE_DEBUG_INFO = INCLUDE_SOURCE;
				MTL_FAST_MATH = YES;
				ONLY_ACTIVE_ARCH = YES;
				SDKROOT = iphoneos;
				SWIFT_ACTIVE_COMPILATION_CONDITIONS = "DEBUG $(inherited)";
				SWIFT_OPTIMIZATION_LEVEL = "-Onone";
			};
			name = Debug;
		};
		3C77BE542D2E501900E3F87A /* Release */ = {
			isa = XCBuildConfiguration;
			buildSettings = {
				ALWAYS_SEARCH_USER_PATHS = NO;
				ASSETCATALOG_COMPILER_GENERATE_SWIFT_ASSET_SYMBOL_EXTENSIONS = YES;
				CLANG_ANALYZER_NONNULL = YES;
				CLANG_ANALYZER_NUMBER_OBJECT_CONVERSION = YES_AGGRESSIVE;
				CLANG_CXX_LANGUAGE_STANDARD = "gnu++20";
				CLANG_ENABLE_MODULES = YES;
				CLANG_ENABLE_OBJC_ARC = YES;
				CLANG_ENABLE_OBJC_WEAK = YES;
				CLANG_WARN_BLOCK_CAPTURE_AUTORELEASING = YES;
				CLANG_WARN_BOOL_CONVERSION = YES;
				CLANG_WARN_COMMA = YES;
				CLANG_WARN_CONSTANT_CONVERSION = YES;
				CLANG_WARN_DEPRECATED_OBJC_IMPLEMENTATIONS = YES;
				CLANG_WARN_DIRECT_OBJC_ISA_USAGE = YES_ERROR;
				CLANG_WARN_DOCUMENTATION_COMMENTS = YES;
				CLANG_WARN_EMPTY_BODY = YES;
				CLANG_WARN_ENUM_CONVERSION = YES;
				CLANG_WARN_INFINITE_RECURSION = YES;
				CLANG_WARN_INT_CONVERSION = YES;
				CLANG_WARN_NON_LITERAL_NULL_CONVERSION = YES;
				CLANG_WARN_OBJC_IMPLICIT_RETAIN_SELF = YES;
				CLANG_WARN_OBJC_LITERAL_CONVERSION = YES;
				CLANG_WARN_OBJC_ROOT_CLASS = YES_ERROR;
				CLANG_WARN_QUOTED_INCLUDE_IN_FRAMEWORK_HEADER = YES;
				CLANG_WARN_RANGE_LOOP_ANALYSIS = YES;
				CLANG_WARN_STRICT_PROTOTYPES = YES;
				CLANG_WARN_SUSPICIOUS_MOVE = YES;
				CLANG_WARN_UNGUARDED_AVAILABILITY = YES_AGGRESSIVE;
				CLANG_WARN_UNREACHABLE_CODE = YES;
				CLANG_WARN__DUPLICATE_METHOD_MATCH = YES;
				COPY_PHASE_STRIP = NO;
				DEBUG_INFORMATION_FORMAT = "dwarf-with-dsym";
				ENABLE_NS_ASSERTIONS = NO;
				ENABLE_STRICT_OBJC_MSGSEND = YES;
				ENABLE_USER_SCRIPT_SANDBOXING = YES;
				GCC_C_LANGUAGE_STANDARD = gnu17;
				GCC_NO_COMMON_BLOCKS = YES;
				GCC_WARN_64_TO_32_BIT_CONVERSION = YES;
				GCC_WARN_ABOUT_RETURN_TYPE = YES_ERROR;
				GCC_WARN_UNDECLARED_SELECTOR = YES;
				GCC_WARN_UNINITIALIZED_AUTOS = YES_AGGRESSIVE;
				GCC_WARN_UNUSED_FUNCTION = YES;
				GCC_WARN_UNUSED_VARIABLE = YES;
				IPHONEOS_DEPLOYMENT_TARGET = 17.5;
				LOCALIZATION_PREFERS_STRING_CATALOGS = YES;
				MTL_ENABLE_DEBUG_INFO = NO;
				MTL_FAST_MATH = YES;
				SDKROOT = iphoneos;
				SWIFT_COMPILATION_MODE = wholemodule;
				VALIDATE_PRODUCT = YES;
			};
			name = Release;
		};
		3C77BE562D2E501900E3F87A /* Debug */ = {
			isa = XCBuildConfiguration;
			buildSettings = {
				ASSETCATALOG_COMPILER_APPICON_NAME = AppIcon;
				ASSETCATALOG_COMPILER_GLOBAL_ACCENT_COLOR_NAME = AccentColor;
				CODE_SIGN_STYLE = Automatic;
				CURRENT_PROJECT_VERSION = 1;
				GENERATE_INFOPLIST_FILE = YES;
				INFOPLIST_FILE = LibraryManagement/Info.plist;
				INFOPLIST_KEY_UIApplicationSupportsIndirectInputEvents = YES;
				INFOPLIST_KEY_UILaunchStoryboardName = LaunchScreen;
				INFOPLIST_KEY_UIMainStoryboardFile = Main;
				INFOPLIST_KEY_UISupportedInterfaceOrientations_iPad = "UIInterfaceOrientationPortrait UIInterfaceOrientationPortraitUpsideDown UIInterfaceOrientationLandscapeLeft UIInterfaceOrientationLandscapeRight";
				INFOPLIST_KEY_UISupportedInterfaceOrientations_iPhone = "UIInterfaceOrientationPortrait UIInterfaceOrientationLandscapeLeft UIInterfaceOrientationLandscapeRight";
				LD_RUNPATH_SEARCH_PATHS = (
					"$(inherited)",
					"@executable_path/Frameworks",
				);
				MARKETING_VERSION = 1.0;
				PRODUCT_BUNDLE_IDENTIFIER = com.abhay.LibraryManagement;
				PRODUCT_NAME = "$(TARGET_NAME)";
				SWIFT_EMIT_LOC_STRINGS = YES;
				SWIFT_VERSION = 5.0;
				TARGETED_DEVICE_FAMILY = "1,2";
			};
			name = Debug;
		};
		3C77BE572D2E501900E3F87A /* Release */ = {
			isa = XCBuildConfiguration;
			buildSettings = {
				ASSETCATALOG_COMPILER_APPICON_NAME = AppIcon;
				ASSETCATALOG_COMPILER_GLOBAL_ACCENT_COLOR_NAME = AccentColor;
				CODE_SIGN_STYLE = Automatic;
				CURRENT_PROJECT_VERSION = 1;
				GENERATE_INFOPLIST_FILE = YES;
				INFOPLIST_FILE = LibraryManagement/Info.plist;
				INFOPLIST_KEY_UIApplicationSupportsIndirectInputEvents = YES;
				INFOPLIST_KEY_UILaunchStoryboardName = LaunchScreen;
				INFOPLIST_KEY_UIMainStoryboardFile = Main;
				INFOPLIST_KEY_UISupportedInterfaceOrientations_iPad = "UIInterfaceOrientationPortrait UIInterfaceOrientationPortraitUpsideDown UIInterfaceOrientationLandscapeLeft UIInterfaceOrientationLandscapeRight";
				INFOPLIST_KEY_UISupportedInterfaceOrientations_iPhone = "UIInterfaceOrientationPortrait UIInterfaceOrientationLandscapeLeft UIInterfaceOrientationLandscapeRight";
				LD_RUNPATH_SEARCH_PATHS = (
					"$(inherited)",
					"@executable_path/Frameworks",
				);
				MARKETING_VERSION = 1.0;
				PRODUCT_BUNDLE_IDENTIFIER = com.abhay.LibraryManagement;
				PRODUCT_NAME = "$(TARGET_NAME)";
				SWIFT_EMIT_LOC_STRINGS = YES;
				SWIFT_VERSION = 5.0;
				TARGETED_DEVICE_FAMILY = "1,2";
			};
			name = Release;
		};
		3C77BE592D2E501900E3F87A /* Debug */ = {
			isa = XCBuildConfiguration;
			buildSettings = {
				ALWAYS_EMBED_SWIFT_STANDARD_LIBRARIES = YES;
				BUNDLE_LOADER = "$(TEST_HOST)";
				CODE_SIGN_STYLE = Automatic;
				CURRENT_PROJECT_VERSION = 1;
				GENERATE_INFOPLIST_FILE = YES;
				IPHONEOS_DEPLOYMENT_TARGET = 17.5;
				MARKETING_VERSION = 1.0;
				PRODUCT_BUNDLE_IDENTIFIER = com.abhay.LibraryManagementTests;
				PRODUCT_NAME = "$(TARGET_NAME)";
				SWIFT_EMIT_LOC_STRINGS = NO;
				SWIFT_VERSION = 5.0;
				TARGETED_DEVICE_FAMILY = "1,2";
				TEST_HOST = "$(BUILT_PRODUCTS_DIR)/LibraryManagement.app/$(BUNDLE_EXECUTABLE_FOLDER_PATH)/LibraryManagement";
			};
			name = Debug;
		};
		3C77BE5A2D2E501900E3F87A /* Release */ = {
			isa = XCBuildConfiguration;
			buildSettings = {
				ALWAYS_EMBED_SWIFT_STANDARD_LIBRARIES = YES;
				BUNDLE_LOADER = "$(TEST_HOST)";
				CODE_SIGN_STYLE = Automatic;
				CURRENT_PROJECT_VERSION = 1;
				GENERATE_INFOPLIST_FILE = YES;
				IPHONEOS_DEPLOYMENT_TARGET = 17.5;
				MARKETING_VERSION = 1.0;
				PRODUCT_BUNDLE_IDENTIFIER = com.abhay.LibraryManagementTests;
				PRODUCT_NAME = "$(TARGET_NAME)";
				SWIFT_EMIT_LOC_STRINGS = NO;
				SWIFT_VERSION = 5.0;
				TARGETED_DEVICE_FAMILY = "1,2";
				TEST_HOST = "$(BUILT_PRODUCTS_DIR)/LibraryManagement.app/$(BUNDLE_EXECUTABLE_FOLDER_PATH)/LibraryManagement";
			};
			name = Release;
		};
		3C77BE5C2D2E501900E3F87A /* Debug */ = {
			isa = XCBuildConfiguration;
			buildSettings = {
				ALWAYS_EMBED_SWIFT_STANDARD_LIBRARIES = YES;
				CODE_SIGN_STYLE = Automatic;
				CURRENT_PROJECT_VERSION = 1;
				GENERATE_INFOPLIST_FILE = YES;
				MARKETING_VERSION = 1.0;
				PRODUCT_BUNDLE_IDENTIFIER = com.abhay.LibraryManagementUITests;
				PRODUCT_NAME = "$(TARGET_NAME)";
				SWIFT_EMIT_LOC_STRINGS = NO;
				SWIFT_VERSION = 5.0;
				TARGETED_DEVICE_FAMILY = "1,2";
				TEST_TARGET_NAME = LibraryManagement;
			};
			name = Debug;
		};
		3C77BE5D2D2E501900E3F87A /* Release */ = {
			isa = XCBuildConfiguration;
			buildSettings = {
				ALWAYS_EMBED_SWIFT_STANDARD_LIBRARIES = YES;
				CODE_SIGN_STYLE = Automatic;
				CURRENT_PROJECT_VERSION = 1;
				GENERATE_INFOPLIST_FILE = YES;
				MARKETING_VERSION = 1.0;
				PRODUCT_BUNDLE_IDENTIFIER = com.abhay.LibraryManagementUITests;
				PRODUCT_NAME = "$(TARGET_NAME)";
				SWIFT_EMIT_LOC_STRINGS = NO;
				SWIFT_VERSION = 5.0;
				TARGETED_DEVICE_FAMILY = "1,2";
				TEST_TARGET_NAME = LibraryManagement;
			};
			name = Release;
		};
/* End XCBuildConfiguration section */

/* Begin XCConfigurationList section */
		3C77BE262D2E501700E3F87A /* Build configuration list for PBXProject "LibraryManagement" */ = {
			isa = XCConfigurationList;
			buildConfigurations = (
				3C77BE532D2E501900E3F87A /* Debug */,
				3C77BE542D2E501900E3F87A /* Release */,
			);
			defaultConfigurationIsVisible = 0;
			defaultConfigurationName = Release;
		};
		3C77BE552D2E501900E3F87A /* Build configuration list for PBXNativeTarget "LibraryManagement" */ = {
			isa = XCConfigurationList;
			buildConfigurations = (
				3C77BE562D2E501900E3F87A /* Debug */,
				3C77BE572D2E501900E3F87A /* Release */,
			);
			defaultConfigurationIsVisible = 0;
			defaultConfigurationName = Release;
		};
		3C77BE582D2E501900E3F87A /* Build configuration list for PBXNativeTarget "LibraryManagementTests" */ = {
			isa = XCConfigurationList;
			buildConfigurations = (
				3C77BE592D2E501900E3F87A /* Debug */,
				3C77BE5A2D2E501900E3F87A /* Release */,
			);
			defaultConfigurationIsVisible = 0;
			defaultConfigurationName = Release;
		};
		3C77BE5B2D2E501900E3F87A /* Build configuration list for PBXNativeTarget "LibraryManagementUITests" */ = {
			isa = XCConfigurationList;
			buildConfigurations = (
				3C77BE5C2D2E501900E3F87A /* Debug */,
				3C77BE5D2D2E501900E3F87A /* Release */,
			);
			defaultConfigurationIsVisible = 0;
			defaultConfigurationName = Release;
		};
/* End XCConfigurationList section */
	};
	rootObject = 3C77BE232D2E501700E3F87A /* Project object */;
}
